// !$*UTF8*$!
{
	archiveVersion = 1;
	classes = {
	};
	objectVersion = 46;
	objects = {

/* Begin PBXBuildFile section */
		17BE7E0B1BF8C683002A47F2 /* AppDelegate.swift in Sources */ = {isa = PBXBuildFile; fileRef = 17BE7E0A1BF8C683002A47F2 /* AppDelegate.swift */; };
		17BE7E0E1BF8C683002A47F2 /* Gun4_GroceryList.xcdatamodeld in Sources */ = {isa = PBXBuildFile; fileRef = 17BE7E0C1BF8C683002A47F2 /* Gun4_GroceryList.xcdatamodeld */; };
		17BE7E101BF8C683002A47F2 /* ViewController.swift in Sources */ = {isa = PBXBuildFile; fileRef = 17BE7E0F1BF8C683002A47F2 /* ViewController.swift */; };
		17BE7E131BF8C683002A47F2 /* Main.storyboard in Resources */ = {isa = PBXBuildFile; fileRef = 17BE7E111BF8C683002A47F2 /* Main.storyboard */; };
		17BE7E151BF8C683002A47F2 /* Images.xcassets in Resources */ = {isa = PBXBuildFile; fileRef = 17BE7E141BF8C683002A47F2 /* Images.xcassets */; };
		17BE7E181BF8C683002A47F2 /* LaunchScreen.xib in Resources */ = {isa = PBXBuildFile; fileRef = 17BE7E161BF8C683002A47F2 /* LaunchScreen.xib */; };
		17BE7E241BF8C683002A47F2 /* Gun4_GroceryListTests.swift in Sources */ = {isa = PBXBuildFile; fileRef = 17BE7E231BF8C683002A47F2 /* Gun4_GroceryListTests.swift */; };
/* End PBXBuildFile section */

/* Begin PBXContainerItemProxy section */
		17BE7E1E1BF8C683002A47F2 /* PBXContainerItemProxy */ = {
			isa = PBXContainerItemProxy;
			containerPortal = 17BE7DFD1BF8C683002A47F2 /* Project object */;
			proxyType = 1;
			remoteGlobalIDString = 17BE7E041BF8C683002A47F2;
			remoteInfo = Gun4_GroceryList;
		};
/* End PBXContainerItemProxy section */

/* Begin PBXFileReference section */
		17BE7E051BF8C683002A47F2 /* Gun4_GroceryList.app */ = {isa = PBXFileReference; explicitFileType = wrapper.application; includeInIndex = 0; path = Gun4_GroceryList.app; sourceTree = BUILT_PRODUCTS_DIR; };
		17BE7E091BF8C683002A47F2 /* Info.plist */ = {isa = PBXFileReference; lastKnownFileType = text.plist.xml; path = Info.plist; sourceTree = "<group>"; };
		17BE7E0A1BF8C683002A47F2 /* AppDelegate.swift */ = {isa = PBXFileReference; lastKnownFileType = sourcecode.swift; path = AppDelegate.swift; sourceTree = "<group>"; };
		17BE7E0D1BF8C683002A47F2 /* Gun4_GroceryList.xcdatamodel */ = {isa = PBXFileReference; lastKnownFileType = wrapper.xcdatamodel; path = Gun4_GroceryList.xcdatamodel; sourceTree = "<group>"; };
		17BE7E0F1BF8C683002A47F2 /* ViewController.swift */ = {isa = PBXFileReference; lastKnownFileType = sourcecode.swift; path = ViewController.swift; sourceTree = "<group>"; };
		17BE7E121BF8C683002A47F2 /* Base */ = {isa = PBXFileReference; lastKnownFileType = file.storyboard; name = Base; path = Base.lproj/Main.storyboard; sourceTree = "<group>"; };
		17BE7E141BF8C683002A47F2 /* Images.xcassets */ = {isa = PBXFileReference; lastKnownFileType = folder.assetcatalog; path = Images.xcassets; sourceTree = "<group>"; };
		17BE7E171BF8C683002A47F2 /* Base */ = {isa = PBXFileReference; lastKnownFileType = file.xib; name = Base; path = Base.lproj/LaunchScreen.xib; sourceTree = "<group>"; };
		17BE7E1D1BF8C683002A47F2 /* Gun4_GroceryListTests.xctest */ = {isa = PBXFileReference; explicitFileType = wrapper.cfbundle; includeInIndex = 0; path = Gun4_GroceryListTests.xctest; sourceTree = BUILT_PRODUCTS_DIR; };
		17BE7E221BF8C683002A47F2 /* Info.plist */ = {isa = PBXFileReference; lastKnownFileType = text.plist.xml; path = Info.plist; sourceTree = "<group>"; };
		17BE7E231BF8C683002A47F2 /* Gun4_GroceryListTests.swift */ = {isa = PBXFileReference; lastKnownFileType = sourcecode.swift; path = Gun4_GroceryListTests.swift; sourceTree = "<group>"; };
/* End PBXFileReference section */

/* Begin PBXFrameworksBuildPhase section */
		17BE7E021BF8C683002A47F2 /* Frameworks */ = {
			isa = PBXFrameworksBuildPhase;
			buildActionMask = 2147483647;
			files = (
			);
			runOnlyForDeploymentPostprocessing = 0;
		};
		17BE7E1A1BF8C683002A47F2 /* Frameworks */ = {
			isa = PBXFrameworksBuildPhase;
			buildActionMask = 2147483647;
			files = (
			);
			runOnlyForDeploymentPostprocessing = 0;
		};
/* End PBXFrameworksBuildPhase section */

/* Begin PBXGroup section */
		17BE7DFC1BF8C683002A47F2 = {
			isa = PBXGroup;
			children = (
				17BE7E071BF8C683002A47F2 /* Gun4_GroceryList */,
				17BE7E201BF8C683002A47F2 /* Gun4_GroceryListTests */,
				17BE7E061BF8C683002A47F2 /* Products */,
			);
			sourceTree = "<group>";
		};
		17BE7E061BF8C683002A47F2 /* Products */ = {
			isa = PBXGroup;
			children = (
				17BE7E051BF8C683002A47F2 /* Gun4_GroceryList.app */,
				17BE7E1D1BF8C683002A47F2 /* Gun4_GroceryListTests.xctest */,
			);
			name = Products;
			sourceTree = "<group>";
		};
		17BE7E071BF8C683002A47F2 /* Gun4_GroceryList */ = {
			isa = PBXGroup;
			children = (
				17BE7E0A1BF8C683002A47F2 /* AppDelegate.swift */,
				17BE7E0F1BF8C683002A47F2 /* ViewController.swift */,
				17BE7E111BF8C683002A47F2 /* Main.storyboard */,
				17BE7E141BF8C683002A47F2 /* Images.xcassets */,
				17BE7E161BF8C683002A47F2 /* LaunchScreen.xib */,
				17BE7E0C1BF8C683002A47F2 /* Gun4_GroceryList.xcdatamodeld */,
				17BE7E081BF8C683002A47F2 /* Supporting Files */,
			);
			path = Gun4_GroceryList;
			sourceTree = "<group>";
		};
		17BE7E081BF8C683002A47F2 /* Supporting Files */ = {
			isa = PBXGroup;
			children = (
				17BE7E091BF8C683002A47F2 /* Info.plist */,
			);
			name = "Supporting Files";
			sourceTree = "<group>";
		};
		17BE7E201BF8C683002A47F2 /* Gun4_GroceryListTests */ = {
			isa = PBXGroup;
			children = (
				17BE7E231BF8C683002A47F2 /* Gun4_GroceryListTests.swift */,
				17BE7E211BF8C683002A47F2 /* Supporting Files */,
			);
			path = Gun4_GroceryListTests;
			sourceTree = "<group>";
		};
		17BE7E211BF8C683002A47F2 /* Supporting Files */ = {
			isa = PBXGroup;
			children = (
				17BE7E221BF8C683002A47F2 /* Info.plist */,
			);
			name = "Supporting Files";
			sourceTree = "<group>";
		};
/* End PBXGroup section */

/* Begin PBXNativeTarget section */
		17BE7E041BF8C683002A47F2 /* Gun4_GroceryList */ = {
			isa = PBXNativeTarget;
			buildConfigurationList = 17BE7E271BF8C683002A47F2 /* Build configuration list for PBXNativeTarget "Gun4_GroceryList" */;
			buildPhases = (
				17BE7E011BF8C683002A47F2 /* Sources */,
				17BE7E021BF8C683002A47F2 /* Frameworks */,
				17BE7E031BF8C683002A47F2 /* Resources */,
			);
			buildRules = (
			);
			dependencies = (
			);
			name = Gun4_GroceryList;
			productName = Gun4_GroceryList;
			productReference = 17BE7E051BF8C683002A47F2 /* Gun4_GroceryList.app */;
			productType = "com.apple.product-type.application";
		};
		17BE7E1C1BF8C683002A47F2 /* Gun4_GroceryListTests */ = {
			isa = PBXNativeTarget;
			buildConfigurationList = 17BE7E2A1BF8C683002A47F2 /* Build configuration list for PBXNativeTarget "Gun4_GroceryListTests" */;
			buildPhases = (
				17BE7E191BF8C683002A47F2 /* Sources */,
				17BE7E1A1BF8C683002A47F2 /* Frameworks */,
				17BE7E1B1BF8C683002A47F2 /* Resources */,
			);
			buildRules = (
			);
			dependencies = (
				17BE7E1F1BF8C683002A47F2 /* PBXTargetDependency */,
			);
			name = Gun4_GroceryListTests;
			productName = Gun4_GroceryListTests;
			productReference = 17BE7E1D1BF8C683002A47F2 /* Gun4_GroceryListTests.xctest */;
			productType = "com.apple.product-type.bundle.unit-test";
		};
/* End PBXNativeTarget section */

/* Begin PBXProject section */
		17BE7DFD1BF8C683002A47F2 /* Project object */ = {
			isa = PBXProject;
			attributes = {
				LastUpgradeCheck = 0640;
				ORGANIZATIONNAME = OMER;
				TargetAttributes = {
					17BE7E041BF8C683002A47F2 = {
						CreatedOnToolsVersion = 6.4;
					};
					17BE7E1C1BF8C683002A47F2 = {
						CreatedOnToolsVersion = 6.4;
						TestTargetID = 17BE7E041BF8C683002A47F2;
					};
				};
			};
			buildConfigurationList = 17BE7E001BF8C683002A47F2 /* Build configuration list for PBXProject "Gun4_GroceryList" */;
			compatibilityVersion = "Xcode 3.2";
			developmentRegion = English;
			hasScannedForEncodings = 0;
			knownRegions = (
				en,
				Base,
			);
			mainGroup = 17BE7DFC1BF8C683002A47F2;
			productRefGroup = 17BE7E061BF8C683002A47F2 /* Products */;
			projectDirPath = "";
			projectRoot = "";
			targets = (
				17BE7E041BF8C683002A47F2 /* Gun4_GroceryList */,
				17BE7E1C1BF8C683002A47F2 /* Gun4_GroceryListTests */,
			);
		};
/* End PBXProject section */

/* Begin PBXResourcesBuildPhase section */
		17BE7E031BF8C683002A47F2 /* Resources */ = {
			isa = PBXResourcesBuildPhase;
			buildActionMask = 2147483647;
			files = (
				17BE7E131BF8C683002A47F2 /* Main.storyboard in Resources */,
				17BE7E181BF8C683002A47F2 /* LaunchScreen.xib in Resources */,
				17BE7E151BF8C683002A47F2 /* Images.xcassets in Resources */,
			);
			runOnlyForDeploymentPostprocessing = 0;
		};
		17BE7E1B1BF8C683002A47F2 /* Resources */ = {
			isa = PBXResourcesBuildPhase;
			buildActionMask = 2147483647;
			files = (
			);
			runOnlyForDeploymentPostprocessing = 0;
		};
/* End PBXResourcesBuildPhase section */

/* Begin PBXSourcesBuildPhase section */
		17BE7E011BF8C683002A47F2 /* Sources */ = {
			isa = PBXSourcesBuildPhase;
			buildActionMask = 2147483647;
			files = (
				17BE7E101BF8C683002A47F2 /* ViewController.swift in Sources */,
				17BE7E0B1BF8C683002A47F2 /* AppDelegate.swift in Sources */,
				17BE7E0E1BF8C683002A47F2 /* Gun4_GroceryList.xcdatamodeld in Sources */,
			);
			runOnlyForDeploymentPostprocessing = 0;
		};
		17BE7E191BF8C683002A47F2 /* Sources */ = {
			isa = PBXSourcesBuildPhase;
			buildActionMask = 2147483647;
			files = (
				17BE7E241BF8C683002A47F2 /* Gun4_GroceryListTests.swift in Sources */,
			);
			runOnlyForDeploymentPostprocessing = 0;
		};
/* End PBXSourcesBuildPhase section */

/* Begin PBXTargetDependency section */
		17BE7E1F1BF8C683002A47F2 /* PBXTargetDependency */ = {
			isa = PBXTargetDependency;
			target = 17BE7E041BF8C683002A47F2 /* Gun4_GroceryList */;
			targetProxy = 17BE7E1E1BF8C683002A47F2 /* PBXContainerItemProxy */;
		};
/* End PBXTargetDependency section */

/* Begin PBXVariantGroup section */
		17BE7E111BF8C683002A47F2 /* Main.storyboard */ = {
			isa = PBXVariantGroup;
			children = (
				17BE7E121BF8C683002A47F2 /* Base */,
			);
			name = Main.storyboard;
			sourceTree = "<group>";
		};
		17BE7E161BF8C683002A47F2 /* LaunchScreen.xib */ = {
			isa = PBXVariantGroup;
			children = (
				17BE7E171BF8C683002A47F2 /* Base */,
			);
			name = LaunchScreen.xib;
			sourceTree = "<group>";
		};
/* End PBXVariantGroup section */

/* Begin XCBuildConfiguration section */
		17BE7E251BF8C683002A47F2 /* Debug */ = {
			isa = XCBuildConfiguration;
			buildSettings = {
				ALWAYS_SEARCH_USER_PATHS = NO;
				CLANG_CXX_LANGUAGE_STANDARD = "gnu++0x";
				CLANG_CXX_LIBRARY = "libc++";
				CLANG_ENABLE_MODULES = YES;
				CLANG_ENABLE_OBJC_ARC = YES;
				CLANG_WARN_BOOL_CONVERSION = YES;
				CLANG_WARN_CONSTANT_CONVERSION = YES;
				CLANG_WARN_DIRECT_OBJC_ISA_USAGE = YES_ERROR;
				CLANG_WARN_EMPTY_BODY = YES;
				CLANG_WARN_ENUM_CONVERSION = YES;
				CLANG_WARN_INT_CONVERSION = YES;
				CLANG_WARN_OBJC_ROOT_CLASS = YES_ERROR;
				CLANG_WARN_UNREACHABLE_CODE = YES;
				CLANG_WARN__DUPLICATE_METHOD_MATCH = YES;
				"CODE_SIGN_IDENTITY[sdk=iphoneos*]" = "iPhone Developer";
				COPY_PHASE_STRIP = NO;
				DEBUG_INFORMATION_FORMAT = "dwarf-with-dsym";
				ENABLE_STRICT_OBJC_MSGSEND = YES;
				GCC_C_LANGUAGE_STANDARD = gnu99;
				GCC_DYNAMIC_NO_PIC = NO;
				GCC_NO_COMMON_BLOCKS = YES;
				GCC_OPTIMIZATION_LEVEL = 0;
				GCC_PREPROCESSOR_DEFINITIONS = (
					"DEBUG=1",
					"$(inherited)",
				);
				GCC_SYMBOLS_PRIVATE_EXTERN = NO;
				GCC_WARN_64_TO_32_BIT_CONVERSION = YES;
				GCC_WARN_ABOUT_RETURN_TYPE = YES_ERROR;
				GCC_WARN_UNDECLARED_SELECTOR = YES;
				GCC_WARN_UNINITIALIZED_AUTOS = YES_AGGRESSIVE;
				GCC_WARN_UNUSED_FUNCTION = YES;
				GCC_WARN_UNUSED_VARIABLE = YES;
				IPHONEOS_DEPLOYMENT_TARGET = 8.4;
				MTL_ENABLE_DEBUG_INFO = YES;
				ONLY_ACTIVE_ARCH = YES;
				SDKROOT = iphoneos;
				SWIFT_OPTIMIZATION_LEVEL = "-Onone";
			};
			name = Debug;
		};
		17BE7E261BF8C683002A47F2 /* Release */ = {
			isa = XCBuildConfiguration;
			buildSettings = {
				ALWAYS_SEARCH_USER_PATHS = NO;
				CLANG_CXX_LANGUAGE_STANDARD = "gnu++0x";
				CLANG_CXX_LIBRARY = "libc++";
				CLANG_ENABLE_MODULES = YES;
				CLANG_ENABLE_OBJC_ARC = YES;
				CLANG_WARN_BOOL_CONVERSION = YES;
				CLANG_WARN_CONSTANT_CONVERSION = YES;
				CLANG_WARN_DIRECT_OBJC_ISA_USAGE = YES_ERROR;
				CLANG_WARN_EMPTY_BODY = YES;
				CLANG_WARN_ENUM_CONVERSION = YES;
				CLANG_WARN_INT_CONVERSION = YES;
				CLANG_WARN_OBJC_ROOT_CLASS = YES_ERROR;
				CLANG_WARN_UNREACHABLE_CODE = YES;
				CLANG_WARN__DUPLICATE_METHOD_MATCH = YES;
				"CODE_SIGN_IDENTITY[sdk=iphoneos*]" = "iPhone Developer";
				COPY_PHASE_STRIP = NO;
				DEBUG_INFORMATION_FORMAT = "dwarf-with-dsym";
				ENABLE_NS_ASSERTIONS = NO;
				ENABLE_STRICT_OBJC_MSGSEND = YES;
				GCC_C_LANGUAGE_STANDARD = gnu99;
				GCC_NO_COMMON_BLOCKS = YES;
				GCC_WARN_64_TO_32_BIT_CONVERSION = YES;
				GCC_WARN_ABOUT_RETURN_TYPE = YES_ERROR;
				GCC_WARN_UNDECLARED_SELECTOR = YES;
				GCC_WARN_UNINITIALIZED_AUTOS = YES_AGGRESSIVE;
				GCC_WARN_UNUSED_FUNCTION = YES;
				GCC_WARN_UNUSED_VARIABLE = YES;
				IPHONEOS_DEPLOYMENT_TARGET = 8.4;
				MTL_ENABLE_DEBUG_INFO = NO;
				SDKROOT = iphoneos;
				VALIDATE_PRODUCT = YES;
			};
			name = Release;
		};
		17BE7E281BF8C683002A47F2 /* Debug */ = {
			isa = XCBuildConfiguration;
			buildSettings = {
				ASSETCATALOG_COMPILER_APPICON_NAME = AppIcon;
				INFOPLIST_FILE = Gun4_GroceryList/Info.plist;
				LD_RUNPATH_SEARCH_PATHS = "$(inherited) @executable_path/Frameworks";
				PRODUCT_NAME = "$(TARGET_NAME)";
			};
			name = Debug;
		};
		17BE7E291BF8C683002A47F2 /* Release */ = {
			isa = XCBuildConfiguration;
			buildSettings = {
				ASSETCATALOG_COMPILER_APPICON_NAME = AppIcon;
				INFOPLIST_FILE = Gun4_GroceryList/Info.plist;
				LD_RUNPATH_SEARCH_PATHS = "$(inherited) @executable_path/Frameworks";
				PRODUCT_NAME = "$(TARGET_NAME)";
			};
			name = Release;
		};
		17BE7E2B1BF8C683002A47F2 /* Debug */ = {
			isa = XCBuildConfiguration;
			buildSettings = {
				BUNDLE_LOADER = "$(TEST_HOST)";
				FRAMEWORK_SEARCH_PATHS = (
					"$(SDKROOT)/Developer/Library/Frameworks",
					"$(inherited)",
				);
				GCC_PREPROCESSOR_DEFINITIONS = (
					"DEBUG=1",
					"$(inherited)",
				);
				INFOPLIST_FILE = Gun4_GroceryListTests/Info.plist;
				LD_RUNPATH_SEARCH_PATHS = "$(inherited) @executable_path/Frameworks @loader_path/Frameworks";
				PRODUCT_NAME = "$(TARGET_NAME)";
				TEST_HOST = "$(BUILT_PRODUCTS_DIR)/Gun4_GroceryList.app/Gun4_GroceryList";
			};
			name = Debug;
		};
		17BE7E2C1BF8C683002A47F2 /* Release */ = {
			isa = XCBuildConfiguration;
			buildSettings = {
				BUNDLE_LOADER = "$(TEST_HOST)";
				FRAMEWORK_SEARCH_PATHS = (
					"$(SDKROOT)/Developer/Library/Frameworks",
					"$(inherited)",
				);
				INFOPLIST_FILE = Gun4_GroceryListTests/Info.plist;
				LD_RUNPATH_SEARCH_PATHS = "$(inherited) @executable_path/Frameworks @loader_path/Frameworks";
				PRODUCT_NAME = "$(TARGET_NAME)";
				TEST_HOST = "$(BUILT_PRODUCTS_DIR)/Gun4_GroceryList.app/Gun4_GroceryList";
			};
			name = Release;
		};
/* End XCBuildConfiguration section */

/* Begin XCConfigurationList section */
		17BE7E001BF8C683002A47F2 /* Build configuration list for PBXProject "Gun4_GroceryList" */ = {
			isa = XCConfigurationList;
			buildConfigurations = (
				17BE7E251BF8C683002A47F2 /* Debug */,
				17BE7E261BF8C683002A47F2 /* Release */,
			);
			defaultConfigurationIsVisible = 0;
			defaultConfigurationName = Release;
		};
		17BE7E271BF8C683002A47F2 /* Build configuration list for PBXNativeTarget "Gun4_GroceryList" */ = {
			isa = XCConfigurationList;
			buildConfigurations = (
				17BE7E281BF8C683002A47F2 /* Debug */,
				17BE7E291BF8C683002A47F2 /* Release */,
			);
			defaultConfigurationIsVisible = 0;
		};
		17BE7E2A1BF8C683002A47F2 /* Build configuration list for PBXNativeTarget "Gun4_GroceryListTests" */ = {
			isa = XCConfigurationList;
			buildConfigurations = (
				17BE7E2B1BF8C683002A47F2 /* Debug */,
				17BE7E2C1BF8C683002A47F2 /* Release */,
			);
			defaultConfigurationIsVisible = 0;
		};
/* End XCConfigurationList section */

/* Begin XCVersionGroup section */
		17BE7E0C1BF8C683002A47F2 /* Gun4_GroceryList.xcdatamodeld */ = {
			isa = XCVersionGroup;
			children = (
				17BE7E0D1BF8C683002A47F2 /* Gun4_GroceryList.xcdatamodel */,
			);
			currentVersion = 17BE7E0D1BF8C683002A47F2 /* Gun4_GroceryList.xcdatamodel */;
			path = Gun4_GroceryList.xcdatamodeld;
			sourceTree = "<group>";
			versionGroupType = wrapper.xcdatamodel;
		};
/* End XCVersionGroup section */
	};
	rootObject = 17BE7DFD1BF8C683002A47F2 /* Project object */;
}
